
Microsoft Visual Studio Solution File, Format Version 12.00
# Visual Studio Version 17
VisualStudioVersion = 17.5.2.0
MinimumVisualStudioVersion = 10.0.40219.1
Project("{FAE04EC0-301F-11D3-BF4B-00C04F79EFBC}") = "HW1NoteKeeperSolution", "HW1NoteKeeperSolution\HW1NoteKeeperSolution.csproj", "{4EB21959-90AE-6E74-8FB3-D5D4FC073502}"
EndProject
Project("{FAE04EC0-301F-11D3-BF4B-00C04F79EFBC}") = "NoteKeeperIntegrationTestsVSCode", "..\NoteKeeperIntegrationTestsVSCode\NoteKeeperIntegrationTestsVSCode.csproj", "{34A6777C-BB42-480C-901E-B8CBEC45296B}"
EndProject
Global
	GlobalSection(SolutionConfigurationPlatforms) = preSolution
		Debug|Any CPU = Debug|Any CPU
		Debug|x64 = Debug|x64
		Debug|x86 = Debug|x86
		Release|Any CPU = Release|Any CPU
		Release|x64 = Release|x64
		Release|x86 = Release|x86
	EndGlobalSection
	GlobalSection(ProjectConfigurationPlatforms) = postSolution
		{4EB21959-90AE-6E74-8FB3-D5D4FC073502}.Debug|Any CPU.ActiveCfg = Debug|Any CPU
		{4EB21959-90AE-6E74-8FB3-D5D4FC073502}.Debug|Any CPU.Build.0 = Debug|Any CPU
		{4EB21959-90AE-6E74-8FB3-D5D4FC073502}.Debug|x64.ActiveCfg = Debug|Any CPU
		{4EB21959-90AE-6E74-8FB3-D5D4FC073502}.Debug|x64.Build.0 = Debug|Any CPU
		{4EB21959-90AE-6E74-8FB3-D5D4FC073502}.Debug|x86.ActiveCfg = Debug|Any CPU
		{4EB21959-90AE-6E74-8FB3-D5D4FC073502}.Debug|x86.Build.0 = Debug|Any CPU
		{4EB21959-90AE-6E74-8FB3-D5D4FC073502}.Release|Any CPU.ActiveCfg = Release|Any CPU
		{4EB21959-90AE-6E74-8FB3-D5D4FC073502}.Release|Any CPU.Build.0 = Release|Any CPU
		{4EB21959-90AE-6E74-8FB3-D5D4FC073502}.Release|x64.ActiveCfg = Release|Any CPU
		{4EB21959-90AE-6E74-8FB3-D5D4FC073502}.Release|x64.Build.0 = Release|Any CPU
		{4EB21959-90AE-6E74-8FB3-D5D4FC073502}.Release|x86.ActiveCfg = Release|Any CPU
		{4EB21959-90AE-6E74-8FB3-D5D4FC073502}.Release|x86.Build.0 = Release|Any CPU
		{34A6777C-BB42-480C-901E-B8CBEC45296B}.Debug|Any CPU.ActiveCfg = Debug|Any CPU
		{34A6777C-BB42-480C-901E-B8CBEC45296B}.Debug|Any CPU.Build.0 = Debug|Any CPU
		{34A6777C-BB42-480C-901E-B8CBEC45296B}.Debug|x64.ActiveCfg = Debug|Any CPU
		{34A6777C-BB42-480C-901E-B8CBEC45296B}.Debug|x64.Build.0 = Debug|Any CPU
		{34A6777C-BB42-480C-901E-B8CBEC45296B}.Debug|x86.ActiveCfg = Debug|Any CPU
		{34A6777C-BB42-480C-901E-B8CBEC45296B}.Debug|x86.Build.0 = Debug|Any CPU
		{34A6777C-BB42-480C-901E-B8CBEC45296B}.Release|Any CPU.ActiveCfg = Release|Any CPU
		{34A6777C-BB42-480C-901E-B8CBEC45296B}.Release|Any CPU.Build.0 = Release|Any CPU
		{34A6777C-BB42-480C-901E-B8CBEC45296B}.Release|x64.ActiveCfg = Release|Any CPU
		{34A6777C-BB42-480C-901E-B8CBEC45296B}.Release|x64.Build.0 = Release|Any CPU
		{34A6777C-BB42-480C-901E-B8CBEC45296B}.Release|x86.ActiveCfg = Release|Any CPU
		{34A6777C-BB42-480C-901E-B8CBEC45296B}.Release|x86.Build.0 = Release|Any CPU
	EndGlobalSection
	GlobalSection(SolutionProperties) = preSolution
		HideSolutionNode = FALSE
	EndGlobalSection
	GlobalSection(ExtensibilityGlobals) = postSolution
		SolutionGuid = {18DADCFC-1B95-4331-90C5-599013A38DE6}
	EndGlobalSection
EndGlobal
